
Microsoft Visual Studio Solution File, Format Version 12.00
# Visual Studio Version 16
VisualStudioVersion = 16.0.30621.155
MinimumVisualStudioVersion = 10.0.40219.1
Project("{FAE04EC0-301F-11D3-BF4B-00C04F79EFBC}") = "Exe1_ContaBancaria", "Exe1_ContaBancaria\Exe1_ContaBancaria.csproj", "{63217844-78F6-4A41-B10A-F6C2ED9A9DF4}"
EndProject
Project("{FAE04EC0-301F-11D3-BF4B-00C04F79EFBC}") = "Exe2_ContaBancaria", "Exe2_ContaBancaria\Exe2_ContaBancaria.csproj", "{8052D0B2-A926-4462-8849-7DE2E455B618}"
EndProject
Project("{FAE04EC0-301F-11D3-BF4B-00C04F79EFBC}") = "Exe3_NotasAlunos", "Exe3_NotasAlunos\Exe3_NotasAlunos.csproj", "{0BC91FAC-80FB-4E60-BEFD-2F60A58EFA31}"
EndProject
Global
	GlobalSection(SolutionConfigurationPlatforms) = preSolution
		Debug|Any CPU = Debug|Any CPU
		Release|Any CPU = Release|Any CPU
	EndGlobalSection
	GlobalSection(ProjectConfigurationPlatforms) = postSolution
		{63217844-78F6-4A41-B10A-F6C2ED9A9DF4}.Debug|Any CPU.ActiveCfg = Debug|Any CPU
		{63217844-78F6-4A41-B10A-F6C2ED9A9DF4}.Debug|Any CPU.Build.0 = Debug|Any CPU
		{63217844-78F6-4A41-B10A-F6C2ED9A9DF4}.Release|Any CPU.ActiveCfg = Release|Any CPU
		{63217844-78F6-4A41-B10A-F6C2ED9A9DF4}.Release|Any CPU.Build.0 = Release|Any CPU
		{8052D0B2-A926-4462-8849-7DE2E455B618}.Debug|Any CPU.ActiveCfg = Debug|Any CPU
		{8052D0B2-A926-4462-8849-7DE2E455B618}.Debug|Any CPU.Build.0 = Debug|Any CPU
		{8052D0B2-A926-4462-8849-7DE2E455B618}.Release|Any CPU.ActiveCfg = Release|Any CPU
		{8052D0B2-A926-4462-8849-7DE2E455B618}.Release|Any CPU.Build.0 = Release|Any CPU
		{0BC91FAC-80FB-4E60-BEFD-2F60A58EFA31}.Debug|Any CPU.ActiveCfg = Debug|Any CPU
		{0BC91FAC-80FB-4E60-BEFD-2F60A58EFA31}.Debug|Any CPU.Build.0 = Debug|Any CPU
		{0BC91FAC-80FB-4E60-BEFD-2F60A58EFA31}.Release|Any CPU.ActiveCfg = Release|Any CPU
		{0BC91FAC-80FB-4E60-BEFD-2F60A58EFA31}.Release|Any CPU.Build.0 = Release|Any CPU
	EndGlobalSection
	GlobalSection(SolutionProperties) = preSolution
		HideSolutionNode = FALSE
	EndGlobalSection
	GlobalSection(ExtensibilityGlobals) = postSolution
		SolutionGuid = {BE34AD74-80E9-41E6-A7AE-1A34AB2E4D08}
	EndGlobalSection
EndGlobal
